
Microsoft Visual Studio Solution File, Format Version 12.00
# Visual Studio Version 17
VisualStudioVersion = 17.2.32630.192
MinimumVisualStudioVersion = 10.0.40219.1
Project("{2150E333-8FDC-42A3-9474-1A3956D46DE8}") = "Billing.Authentication", "Billing.Authentication", "{73775427-3CBA-4D22-AF00-FD53885CF200}"
EndProject
Project("{9A19103F-16F7-4668-BE54-9A1E7A4F7556}") = "Billing.Authentication.Api", "Billing.Authentication.Api\Billing.Authentication.Api.csproj", "{933B2439-6F99-4654-8910-B2A16E3B9AD0}"
EndProject
Project("{9A19103F-16F7-4668-BE54-9A1E7A4F7556}") = "Billing.Authentication.Domains", "Billing.Authentication.Domains\Billing.Authentication.Domains.csproj", "{C43D7302-B275-4FCC-9251-890D85177A61}"
EndProject
Project("{9A19103F-16F7-4668-BE54-9A1E7A4F7556}") = "Billing.Authentication.Infrastructure", "Billing.Authentication.Infrastructure\Billing.Authentication.Infrastructure.csproj", "{B9004802-1060-4BF6-AD2E-E437D1BC489C}"
EndProject
Project("{9A19103F-16F7-4668-BE54-9A1E7A4F7556}") = "Billing.Authentication.Business", "Billing.Authentication.Business\Billing.Authentication.Business.csproj", "{7A29426B-F483-43AF-93DA-BC9840EA05C4}"
EndProject
Project("{2150E333-8FDC-42A3-9474-1A3956D46DE8}") = "src", "src", "{457D0400-35CE-4F6B-A51C-4D2E9661BF90}"
EndProject
Project("{2150E333-8FDC-42A3-9474-1A3956D46DE8}") = "Billing.ApiGatEway", "Billing.ApiGatEway", "{3542C84C-C758-4EB0-B74D-2A5ACB104E56}"
EndProject
Project("{9A19103F-16F7-4668-BE54-9A1E7A4F7556}") = "Billing.ApiGatEway", "Billing.ApiGetAway\Billing.ApiGatEway.csproj", "{F7DE8837-5351-4791-A50E-D9EE8FDE825C}"
EndProject
Project("{E53339B2-1760-4266-BCC7-CA923CBCF16C}") = "docker-compose", "docker-compose.dcproj", "{43419AD1-4465-4B99-BC8A-FE8A94260A1A}"
EndProject
Project("{2150E333-8FDC-42A3-9474-1A3956D46DE8}") = "tests", "tests", "{6DB015A3-841F-4C42-9E15-4B24F79BDCDD}"
EndProject
Project("{9A19103F-16F7-4668-BE54-9A1E7A4F7556}") = "Billing.Authentication.Business.Test", "Billing.Authentication.Business.Test\Billing.Authentication.Business.Test.csproj", "{D847A673-56F7-4F1F-8189-091647426645}"
EndProject
Project("{2150E333-8FDC-42A3-9474-1A3956D46DE8}") = "Billing.UserApi", "Billing.UserApi", "{83A52007-24C7-4F05-B1DD-A839E66BBD2B}"
EndProject
Project("{9A19103F-16F7-4668-BE54-9A1E7A4F7556}") = "Billing.UserApi.Infrstructure", "Billing.UserApi.Infrstructure\Billing.UserApi.Infrstructure.csproj", "{681549DC-C085-440A-8A14-D21F61EA6639}"
EndProject
Project("{9A19103F-16F7-4668-BE54-9A1E7A4F7556}") = "Billing.UserApi.Business", "Billing.UserApi.Business\Billing.UserApi.Business.csproj", "{F0AF2A31-89A5-434F-8CC9-46294AAFFB22}"
EndProject
Project("{9A19103F-16F7-4668-BE54-9A1E7A4F7556}") = "Billing.UserApi.Domains", "Billing.UserApi.Domains\Billing.UserApi.Domains.csproj", "{CFF5E9C5-3C8B-45A4-9D72-0A1F6E06FDF0}"
EndProject
Project("{9A19103F-16F7-4668-BE54-9A1E7A4F7556}") = "Billing.UserApi.Api", "Billing.UserApi.Api\Billing.UserApi.Api.csproj", "{59E9A0F5-8BC1-4167-8CC0-6039E52995ED}"
EndProject
Project("{9A19103F-16F7-4668-BE54-9A1E7A4F7556}") = "Billing.UserApi.Business.Test", "Billing.UserApi.Business.Test\Billing.UserApi.Business.Test.csproj", "{037471E6-DC77-49D5-8118-E8F3508A5AE0}"
EndProject
Project("{2150E333-8FDC-42A3-9474-1A3956D46DE8}") = "Billing.Organization", "Billing.Organization", "{27D1DA87-03AF-4A76-AF63-4A923B44E04F}"
EndProject
Project("{FAE04EC0-301F-11D3-BF4B-00C04F79EFBC}") = "Billing.Organization.Api", "Billing.Organization.Api\Billing.Organization.Api.csproj", "{FD48E99B-BF36-4B22-B23C-9B56E4334333}"
EndProject
Project("{FAE04EC0-301F-11D3-BF4B-00C04F79EFBC}") = "Billing.Organization.Domains", "Billing.Organization.Domains\Billing.Organization.Domains.csproj", "{2295368C-EB6C-4242-A83D-74D561899067}"
EndProject
Project("{FAE04EC0-301F-11D3-BF4B-00C04F79EFBC}") = "Billing.Organization.Business", "Billing.Organization.Business\Billing.Organization.Business.csproj", "{2F8C9AB9-C901-4F0E-B2B6-A2F8F8777D27}"
EndProject
Project("{FAE04EC0-301F-11D3-BF4B-00C04F79EFBC}") = "Billing.Organization.Infrastructure", "Billing.Organization.Infrastructure\Billing.Organization.Infrastructure.csproj", "{4B9B1AF7-E3C8-4104-941B-E1AD5F839097}"
EndProject
Global
	GlobalSection(SolutionConfigurationPlatforms) = preSolution
		Debug|Any CPU = Debug|Any CPU
		Release|Any CPU = Release|Any CPU
	EndGlobalSection
	GlobalSection(ProjectConfigurationPlatforms) = postSolution
		{933B2439-6F99-4654-8910-B2A16E3B9AD0}.Debug|Any CPU.ActiveCfg = Debug|Any CPU
		{933B2439-6F99-4654-8910-B2A16E3B9AD0}.Debug|Any CPU.Build.0 = Debug|Any CPU
		{933B2439-6F99-4654-8910-B2A16E3B9AD0}.Release|Any CPU.ActiveCfg = Release|Any CPU
		{933B2439-6F99-4654-8910-B2A16E3B9AD0}.Release|Any CPU.Build.0 = Release|Any CPU
		{C43D7302-B275-4FCC-9251-890D85177A61}.Debug|Any CPU.ActiveCfg = Debug|Any CPU
		{C43D7302-B275-4FCC-9251-890D85177A61}.Debug|Any CPU.Build.0 = Debug|Any CPU
		{C43D7302-B275-4FCC-9251-890D85177A61}.Release|Any CPU.ActiveCfg = Release|Any CPU
		{C43D7302-B275-4FCC-9251-890D85177A61}.Release|Any CPU.Build.0 = Release|Any CPU
		{B9004802-1060-4BF6-AD2E-E437D1BC489C}.Debug|Any CPU.ActiveCfg = Debug|Any CPU
		{B9004802-1060-4BF6-AD2E-E437D1BC489C}.Debug|Any CPU.Build.0 = Debug|Any CPU
		{B9004802-1060-4BF6-AD2E-E437D1BC489C}.Release|Any CPU.ActiveCfg = Release|Any CPU
		{B9004802-1060-4BF6-AD2E-E437D1BC489C}.Release|Any CPU.Build.0 = Release|Any CPU
		{7A29426B-F483-43AF-93DA-BC9840EA05C4}.Debug|Any CPU.ActiveCfg = Debug|Any CPU
		{7A29426B-F483-43AF-93DA-BC9840EA05C4}.Debug|Any CPU.Build.0 = Debug|Any CPU
		{7A29426B-F483-43AF-93DA-BC9840EA05C4}.Release|Any CPU.ActiveCfg = Release|Any CPU
		{7A29426B-F483-43AF-93DA-BC9840EA05C4}.Release|Any CPU.Build.0 = Release|Any CPU
		{F7DE8837-5351-4791-A50E-D9EE8FDE825C}.Debug|Any CPU.ActiveCfg = Debug|Any CPU
		{F7DE8837-5351-4791-A50E-D9EE8FDE825C}.Debug|Any CPU.Build.0 = Debug|Any CPU
		{F7DE8837-5351-4791-A50E-D9EE8FDE825C}.Release|Any CPU.ActiveCfg = Release|Any CPU
		{F7DE8837-5351-4791-A50E-D9EE8FDE825C}.Release|Any CPU.Build.0 = Release|Any CPU
		{43419AD1-4465-4B99-BC8A-FE8A94260A1A}.Debug|Any CPU.ActiveCfg = Debug|Any CPU
		{43419AD1-4465-4B99-BC8A-FE8A94260A1A}.Debug|Any CPU.Build.0 = Debug|Any CPU
		{43419AD1-4465-4B99-BC8A-FE8A94260A1A}.Release|Any CPU.ActiveCfg = Release|Any CPU
		{43419AD1-4465-4B99-BC8A-FE8A94260A1A}.Release|Any CPU.Build.0 = Release|Any CPU
		{D847A673-56F7-4F1F-8189-091647426645}.Debug|Any CPU.ActiveCfg = Debug|Any CPU
		{D847A673-56F7-4F1F-8189-091647426645}.Debug|Any CPU.Build.0 = Debug|Any CPU
		{D847A673-56F7-4F1F-8189-091647426645}.Release|Any CPU.ActiveCfg = Release|Any CPU
		{D847A673-56F7-4F1F-8189-091647426645}.Release|Any CPU.Build.0 = Release|Any CPU
		{681549DC-C085-440A-8A14-D21F61EA6639}.Debug|Any CPU.ActiveCfg = Debug|Any CPU
		{681549DC-C085-440A-8A14-D21F61EA6639}.Debug|Any CPU.Build.0 = Debug|Any CPU
		{681549DC-C085-440A-8A14-D21F61EA6639}.Release|Any CPU.ActiveCfg = Release|Any CPU
		{681549DC-C085-440A-8A14-D21F61EA6639}.Release|Any CPU.Build.0 = Release|Any CPU
		{F0AF2A31-89A5-434F-8CC9-46294AAFFB22}.Debug|Any CPU.ActiveCfg = Debug|Any CPU
		{F0AF2A31-89A5-434F-8CC9-46294AAFFB22}.Debug|Any CPU.Build.0 = Debug|Any CPU
		{F0AF2A31-89A5-434F-8CC9-46294AAFFB22}.Release|Any CPU.ActiveCfg = Release|Any CPU
		{F0AF2A31-89A5-434F-8CC9-46294AAFFB22}.Release|Any CPU.Build.0 = Release|Any CPU
		{CFF5E9C5-3C8B-45A4-9D72-0A1F6E06FDF0}.Debug|Any CPU.ActiveCfg = Debug|Any CPU
		{CFF5E9C5-3C8B-45A4-9D72-0A1F6E06FDF0}.Debug|Any CPU.Build.0 = Debug|Any CPU
		{CFF5E9C5-3C8B-45A4-9D72-0A1F6E06FDF0}.Release|Any CPU.ActiveCfg = Release|Any CPU
		{CFF5E9C5-3C8B-45A4-9D72-0A1F6E06FDF0}.Release|Any CPU.Build.0 = Release|Any CPU
		{59E9A0F5-8BC1-4167-8CC0-6039E52995ED}.Debug|Any CPU.ActiveCfg = Debug|Any CPU
		{59E9A0F5-8BC1-4167-8CC0-6039E52995ED}.Debug|Any CPU.Build.0 = Debug|Any CPU
		{59E9A0F5-8BC1-4167-8CC0-6039E52995ED}.Release|Any CPU.ActiveCfg = Release|Any CPU
		{59E9A0F5-8BC1-4167-8CC0-6039E52995ED}.Release|Any CPU.Build.0 = Release|Any CPU
		{037471E6-DC77-49D5-8118-E8F3508A5AE0}.Debug|Any CPU.ActiveCfg = Debug|Any CPU
		{037471E6-DC77-49D5-8118-E8F3508A5AE0}.Debug|Any CPU.Build.0 = Debug|Any CPU
		{037471E6-DC77-49D5-8118-E8F3508A5AE0}.Release|Any CPU.ActiveCfg = Release|Any CPU
		{037471E6-DC77-49D5-8118-E8F3508A5AE0}.Release|Any CPU.Build.0 = Release|Any CPU
		{FD48E99B-BF36-4B22-B23C-9B56E4334333}.Debug|Any CPU.ActiveCfg = Debug|Any CPU
		{FD48E99B-BF36-4B22-B23C-9B56E4334333}.Debug|Any CPU.Build.0 = Debug|Any CPU
		{FD48E99B-BF36-4B22-B23C-9B56E4334333}.Release|Any CPU.ActiveCfg = Release|Any CPU
		{FD48E99B-BF36-4B22-B23C-9B56E4334333}.Release|Any CPU.Build.0 = Release|Any CPU
		{2295368C-EB6C-4242-A83D-74D561899067}.Debug|Any CPU.ActiveCfg = Debug|Any CPU
		{2295368C-EB6C-4242-A83D-74D561899067}.Debug|Any CPU.Build.0 = Debug|Any CPU
		{2295368C-EB6C-4242-A83D-74D561899067}.Release|Any CPU.ActiveCfg = Release|Any CPU
		{2295368C-EB6C-4242-A83D-74D561899067}.Release|Any CPU.Build.0 = Release|Any CPU
		{2F8C9AB9-C901-4F0E-B2B6-A2F8F8777D27}.Debug|Any CPU.ActiveCfg = Debug|Any CPU
		{2F8C9AB9-C901-4F0E-B2B6-A2F8F8777D27}.Debug|Any CPU.Build.0 = Debug|Any CPU
		{2F8C9AB9-C901-4F0E-B2B6-A2F8F8777D27}.Release|Any CPU.ActiveCfg = Release|Any CPU
		{2F8C9AB9-C901-4F0E-B2B6-A2F8F8777D27}.Release|Any CPU.Build.0 = Release|Any CPU
		{4B9B1AF7-E3C8-4104-941B-E1AD5F839097}.Debug|Any CPU.ActiveCfg = Debug|Any CPU
		{4B9B1AF7-E3C8-4104-941B-E1AD5F839097}.Debug|Any CPU.Build.0 = Debug|Any CPU
		{4B9B1AF7-E3C8-4104-941B-E1AD5F839097}.Release|Any CPU.ActiveCfg = Release|Any CPU
		{4B9B1AF7-E3C8-4104-941B-E1AD5F839097}.Release|Any CPU.Build.0 = Release|Any CPU
	EndGlobalSection
	GlobalSection(SolutionProperties) = preSolution
		HideSolutionNode = FALSE
	EndGlobalSection
	GlobalSection(NestedProjects) = preSolution
		{73775427-3CBA-4D22-AF00-FD53885CF200} = {457D0400-35CE-4F6B-A51C-4D2E9661BF90}
		{933B2439-6F99-4654-8910-B2A16E3B9AD0} = {73775427-3CBA-4D22-AF00-FD53885CF200}
		{C43D7302-B275-4FCC-9251-890D85177A61} = {73775427-3CBA-4D22-AF00-FD53885CF200}
		{B9004802-1060-4BF6-AD2E-E437D1BC489C} = {73775427-3CBA-4D22-AF00-FD53885CF200}
		{7A29426B-F483-43AF-93DA-BC9840EA05C4} = {73775427-3CBA-4D22-AF00-FD53885CF200}
		{3542C84C-C758-4EB0-B74D-2A5ACB104E56} = {457D0400-35CE-4F6B-A51C-4D2E9661BF90}
		{F7DE8837-5351-4791-A50E-D9EE8FDE825C} = {3542C84C-C758-4EB0-B74D-2A5ACB104E56}
		{D847A673-56F7-4F1F-8189-091647426645} = {6DB015A3-841F-4C42-9E15-4B24F79BDCDD}
		{83A52007-24C7-4F05-B1DD-A839E66BBD2B} = {457D0400-35CE-4F6B-A51C-4D2E9661BF90}
		{681549DC-C085-440A-8A14-D21F61EA6639} = {83A52007-24C7-4F05-B1DD-A839E66BBD2B}
		{F0AF2A31-89A5-434F-8CC9-46294AAFFB22} = {83A52007-24C7-4F05-B1DD-A839E66BBD2B}
		{CFF5E9C5-3C8B-45A4-9D72-0A1F6E06FDF0} = {83A52007-24C7-4F05-B1DD-A839E66BBD2B}
		{59E9A0F5-8BC1-4167-8CC0-6039E52995ED} = {83A52007-24C7-4F05-B1DD-A839E66BBD2B}
		{037471E6-DC77-49D5-8118-E8F3508A5AE0} = {6DB015A3-841F-4C42-9E15-4B24F79BDCDD}
		{27D1DA87-03AF-4A76-AF63-4A923B44E04F} = {457D0400-35CE-4F6B-A51C-4D2E9661BF90}
		{FD48E99B-BF36-4B22-B23C-9B56E4334333} = {27D1DA87-03AF-4A76-AF63-4A923B44E04F}
		{2295368C-EB6C-4242-A83D-74D561899067} = {27D1DA87-03AF-4A76-AF63-4A923B44E04F}
		{2F8C9AB9-C901-4F0E-B2B6-A2F8F8777D27} = {27D1DA87-03AF-4A76-AF63-4A923B44E04F}
		{4B9B1AF7-E3C8-4104-941B-E1AD5F839097} = {27D1DA87-03AF-4A76-AF63-4A923B44E04F}
	EndGlobalSection
	GlobalSection(ExtensibilityGlobals) = postSolution
		SolutionGuid = {D9D62435-9AAE-4152-AB6A-51CFB91B71E0}
	EndGlobalSection
EndGlobal
